
Microsoft Visual Studio Solution File, Format Version 12.00
# Visual Studio Version 17
VisualStudioVersion = 17.2.32519.379
MinimumVisualStudioVersion = 10.0.40219.1
Project("{FAE04EC0-301F-11D3-BF4B-00C04F79EFBC}") = "GetThingsDoneAPI", "GetThingsDoneAPI.csproj", "{BDCCF376-F25F-40BF-92C7-53CF78F7BF6E}"
EndProject
Global
	GlobalSection(SolutionConfigurationPlatforms) = preSolution
		Debug|Any CPU = Debug|Any CPU
		Release|Any CPU = Release|Any CPU
	EndGlobalSection
	GlobalSection(ProjectConfigurationPlatforms) = postSolution
		{BDCCF376-F25F-40BF-92C7-53CF78F7BF6E}.Debug|Any CPU.ActiveCfg = Debug|Any CPU
		{BDCCF376-F25F-40BF-92C7-53CF78F7BF6E}.Debug|Any CPU.Build.0 = Debug|Any CPU
		{BDCCF376-F25F-40BF-92C7-53CF78F7BF6E}.Release|Any CPU.ActiveCfg = Release|Any CPU
		{BDCCF376-F25F-40BF-92C7-53CF78F7BF6E}.Release|Any CPU.Build.0 = Release|Any CPU
	EndGlobalSection
	GlobalSection(SolutionProperties) = preSolution
		HideSolutionNode = FALSE
	EndGlobalSection
	GlobalSection(ExtensibilityGlobals) = postSolution
		SolutionGuid = {3467EB70-8FEE-4D24-8820-BAE7EE78463D}
	EndGlobalSection
EndGlobal
